
Microsoft Visual Studio Solution File, Format Version 12.00
# Visual Studio 15
VisualStudioVersion = 15.0.27703.2000
MinimumVisualStudioVersion = 10.0.40219.1
Project("{FAE04EC0-301F-11D3-BF4B-00C04F79EFBC}") = "mobileClient.Android", "mobileClient\mobileClient.Android\mobileClient.Android.csproj", "{4C5D5E47-2B78-4A40-AD79-84F4814D1535}"
EndProject
Project("{FAE04EC0-301F-11D3-BF4B-00C04F79EFBC}") = "mobileClient.iOS", "mobileClient\mobileClient.iOS\mobileClient.iOS.csproj", "{27FB8E01-138D-4282-B680-A254A3295DCE}"
EndProject
Project("{D954291E-2A0B-460D-934E-DC6B0785DB48}") = "mobileClient", "mobileClient\mobileClient\mobileClient.shproj", "{1BAC3445-4A0C-441E-97CE-4CE9D494EC83}"
EndProject
Global
	GlobalSection(SharedMSBuildProjectFiles) = preSolution
		mobileClient\mobileClient\mobileClient.projitems*{1bac3445-4a0c-441e-97ce-4ce9d494ec83}*SharedItemsImports = 13
		mobileClient\mobileClient\mobileClient.projitems*{27fb8e01-138d-4282-b680-a254a3295dce}*SharedItemsImports = 4
		mobileClient\mobileClient\mobileClient.projitems*{4c5d5e47-2b78-4a40-ad79-84f4814d1535}*SharedItemsImports = 4
	EndGlobalSection
	GlobalSection(SolutionConfigurationPlatforms) = preSolution
		Ad-Hoc|Any CPU = Ad-Hoc|Any CPU
		Ad-Hoc|iPhone = Ad-Hoc|iPhone
		Ad-Hoc|iPhoneSimulator = Ad-Hoc|iPhoneSimulator
		AppStore|Any CPU = AppStore|Any CPU
		AppStore|iPhone = AppStore|iPhone
		AppStore|iPhoneSimulator = AppStore|iPhoneSimulator
		Debug|Any CPU = Debug|Any CPU
		Debug|iPhone = Debug|iPhone
		Debug|iPhoneSimulator = Debug|iPhoneSimulator
		Release|Any CPU = Release|Any CPU
		Release|iPhone = Release|iPhone
		Release|iPhoneSimulator = Release|iPhoneSimulator
	EndGlobalSection
	GlobalSection(ProjectConfigurationPlatforms) = postSolution
		{4C5D5E47-2B78-4A40-AD79-84F4814D1535}.Ad-Hoc|Any CPU.ActiveCfg = Release|Any CPU
		{4C5D5E47-2B78-4A40-AD79-84F4814D1535}.Ad-Hoc|Any CPU.Build.0 = Release|Any CPU
		{4C5D5E47-2B78-4A40-AD79-84F4814D1535}.Ad-Hoc|Any CPU.Deploy.0 = Release|Any CPU
		{4C5D5E47-2B78-4A40-AD79-84F4814D1535}.Ad-Hoc|iPhone.ActiveCfg = Release|Any CPU
		{4C5D5E47-2B78-4A40-AD79-84F4814D1535}.Ad-Hoc|iPhone.Build.0 = Release|Any CPU
		{4C5D5E47-2B78-4A40-AD79-84F4814D1535}.Ad-Hoc|iPhone.Deploy.0 = Release|Any CPU
		{4C5D5E47-2B78-4A40-AD79-84F4814D1535}.Ad-Hoc|iPhoneSimulator.ActiveCfg = Release|Any CPU
		{4C5D5E47-2B78-4A40-AD79-84F4814D1535}.Ad-Hoc|iPhoneSimulator.Build.0 = Release|Any CPU
		{4C5D5E47-2B78-4A40-AD79-84F4814D1535}.Ad-Hoc|iPhoneSimulator.Deploy.0 = Release|Any CPU
		{4C5D5E47-2B78-4A40-AD79-84F4814D1535}.AppStore|Any CPU.ActiveCfg = Release|Any CPU
		{4C5D5E47-2B78-4A40-AD79-84F4814D1535}.AppStore|Any CPU.Build.0 = Release|Any CPU
		{4C5D5E47-2B78-4A40-AD79-84F4814D1535}.AppStore|Any CPU.Deploy.0 = Release|Any CPU
		{4C5D5E47-2B78-4A40-AD79-84F4814D1535}.AppStore|iPhone.ActiveCfg = Release|Any CPU
		{4C5D5E47-2B78-4A40-AD79-84F4814D1535}.AppStore|iPhone.Build.0 = Release|Any CPU
		{4C5D5E47-2B78-4A40-AD79-84F4814D1535}.AppStore|iPhone.Deploy.0 = Release|Any CPU
		{4C5D5E47-2B78-4A40-AD79-84F4814D1535}.AppStore|iPhoneSimulator.ActiveCfg = Release|Any CPU
		{4C5D5E47-2B78-4A40-AD79-84F4814D1535}.AppStore|iPhoneSimulator.Build.0 = Release|Any CPU
		{4C5D5E47-2B78-4A40-AD79-84F4814D1535}.AppStore|iPhoneSimulator.Deploy.0 = Release|Any CPU
		{4C5D5E47-2B78-4A40-AD79-84F4814D1535}.Debug|Any CPU.ActiveCfg = Debug|Any CPU
		{4C5D5E47-2B78-4A40-AD79-84F4814D1535}.Debug|Any CPU.Build.0 = Debug|Any CPU
		{4C5D5E47-2B78-4A40-AD79-84F4814D1535}.Debug|Any CPU.Deploy.0 = Debug|Any CPU
		{4C5D5E47-2B78-4A40-AD79-84F4814D1535}.Debug|iPhone.ActiveCfg = Debug|Any CPU
		{4C5D5E47-2B78-4A40-AD79-84F4814D1535}.Debug|iPhone.Build.0 = Debug|Any CPU
		{4C5D5E47-2B78-4A40-AD79-84F4814D1535}.Debug|iPhone.Deploy.0 = Debug|Any CPU
		{4C5D5E47-2B78-4A40-AD79-84F4814D1535}.Debug|iPhoneSimulator.ActiveCfg = Debug|Any CPU
		{4C5D5E47-2B78-4A40-AD79-84F4814D1535}.Debug|iPhoneSimulator.Build.0 = Debug|Any CPU
		{4C5D5E47-2B78-4A40-AD79-84F4814D1535}.Debug|iPhoneSimulator.Deploy.0 = Debug|Any CPU
		{4C5D5E47-2B78-4A40-AD79-84F4814D1535}.Release|Any CPU.ActiveCfg = Release|Any CPU
		{4C5D5E47-2B78-4A40-AD79-84F4814D1535}.Release|Any CPU.Build.0 = Release|Any CPU
		{4C5D5E47-2B78-4A40-AD79-84F4814D1535}.Release|Any CPU.Deploy.0 = Release|Any CPU
		{4C5D5E47-2B78-4A40-AD79-84F4814D1535}.Release|iPhone.ActiveCfg = Release|Any CPU
		{4C5D5E47-2B78-4A40-AD79-84F4814D1535}.Release|iPhone.Build.0 = Release|Any CPU
		{4C5D5E47-2B78-4A40-AD79-84F4814D1535}.Release|iPhone.Deploy.0 = Release|Any CPU
		{4C5D5E47-2B78-4A40-AD79-84F4814D1535}.Release|iPhoneSimulator.ActiveCfg = Release|Any CPU
		{4C5D5E47-2B78-4A40-AD79-84F4814D1535}.Release|iPhoneSimulator.Build.0 = Release|Any CPU
		{4C5D5E47-2B78-4A40-AD79-84F4814D1535}.Release|iPhoneSimulator.Deploy.0 = Release|Any CPU
		{27FB8E01-138D-4282-B680-A254A3295DCE}.Ad-Hoc|Any CPU.ActiveCfg = Ad-Hoc|iPhone
		{27FB8E01-138D-4282-B680-A254A3295DCE}.Ad-Hoc|Any CPU.Build.0 = Ad-Hoc|iPhone
		{27FB8E01-138D-4282-B680-A254A3295DCE}.Ad-Hoc|Any CPU.Deploy.0 = Ad-Hoc|iPhone
		{27FB8E01-138D-4282-B680-A254A3295DCE}.Ad-Hoc|iPhone.ActiveCfg = Ad-Hoc|iPhone
		{27FB8E01-138D-4282-B680-A254A3295DCE}.Ad-Hoc|iPhone.Build.0 = Ad-Hoc|iPhone
		{27FB8E01-138D-4282-B680-A254A3295DCE}.Ad-Hoc|iPhone.Deploy.0 = Ad-Hoc|iPhone
		{27FB8E01-138D-4282-B680-A254A3295DCE}.Ad-Hoc|iPhoneSimulator.ActiveCfg = Ad-Hoc|iPhoneSimulator
		{27FB8E01-138D-4282-B680-A254A3295DCE}.Ad-Hoc|iPhoneSimulator.Build.0 = Ad-Hoc|iPhoneSimulator
		{27FB8E01-138D-4282-B680-A254A3295DCE}.Ad-Hoc|iPhoneSimulator.Deploy.0 = Ad-Hoc|iPhoneSimulator
		{27FB8E01-138D-4282-B680-A254A3295DCE}.AppStore|Any CPU.ActiveCfg = AppStore|iPhone
		{27FB8E01-138D-4282-B680-A254A3295DCE}.AppStore|Any CPU.Build.0 = AppStore|iPhone
		{27FB8E01-138D-4282-B680-A254A3295DCE}.AppStore|Any CPU.Deploy.0 = AppStore|iPhone
		{27FB8E01-138D-4282-B680-A254A3295DCE}.AppStore|iPhone.ActiveCfg = AppStore|iPhone
		{27FB8E01-138D-4282-B680-A254A3295DCE}.AppStore|iPhone.Build.0 = AppStore|iPhone
		{27FB8E01-138D-4282-B680-A254A3295DCE}.AppStore|iPhone.Deploy.0 = AppStore|iPhone
		{27FB8E01-138D-4282-B680-A254A3295DCE}.AppStore|iPhoneSimulator.ActiveCfg = AppStore|iPhoneSimulator
		{27FB8E01-138D-4282-B680-A254A3295DCE}.AppStore|iPhoneSimulator.Build.0 = AppStore|iPhoneSimulator
		{27FB8E01-138D-4282-B680-A254A3295DCE}.AppStore|iPhoneSimulator.Deploy.0 = AppStore|iPhoneSimulator
		{27FB8E01-138D-4282-B680-A254A3295DCE}.Debug|Any CPU.ActiveCfg = Debug|iPhoneSimulator
		{27FB8E01-138D-4282-B680-A254A3295DCE}.Debug|Any CPU.Build.0 = Debug|iPhoneSimulator
		{27FB8E01-138D-4282-B680-A254A3295DCE}.Debug|Any CPU.Deploy.0 = Debug|iPhoneSimulator
		{27FB8E01-138D-4282-B680-A254A3295DCE}.Debug|iPhone.ActiveCfg = Debug|iPhone
		{27FB8E01-138D-4282-B680-A254A3295DCE}.Debug|iPhone.Build.0 = Debug|iPhone
		{27FB8E01-138D-4282-B680-A254A3295DCE}.Debug|iPhone.Deploy.0 = Debug|iPhone
		{27FB8E01-138D-4282-B680-A254A3295DCE}.Debug|iPhoneSimulator.ActiveCfg = Debug|iPhoneSimulator
		{27FB8E01-138D-4282-B680-A254A3295DCE}.Debug|iPhoneSimulator.Build.0 = Debug|iPhoneSimulator
		{27FB8E01-138D-4282-B680-A254A3295DCE}.Debug|iPhoneSimulator.Deploy.0 = Debug|iPhoneSimulator
		{27FB8E01-138D-4282-B680-A254A3295DCE}.Release|Any CPU.ActiveCfg = Release|iPhone
		{27FB8E01-138D-4282-B680-A254A3295DCE}.Release|Any CPU.Build.0 = Release|iPhone
		{27FB8E01-138D-4282-B680-A254A3295DCE}.Release|Any CPU.Deploy.0 = Release|iPhone
		{27FB8E01-138D-4282-B680-A254A3295DCE}.Release|iPhone.ActiveCfg = Release|iPhone
		{27FB8E01-138D-4282-B680-A254A3295DCE}.Release|iPhone.Build.0 = Release|iPhone
		{27FB8E01-138D-4282-B680-A254A3295DCE}.Release|iPhone.Deploy.0 = Release|iPhone
		{27FB8E01-138D-4282-B680-A254A3295DCE}.Release|iPhoneSimulator.ActiveCfg = Release|iPhoneSimulator
		{27FB8E01-138D-4282-B680-A254A3295DCE}.Release|iPhoneSimulator.Build.0 = Release|iPhoneSimulator
		{27FB8E01-138D-4282-B680-A254A3295DCE}.Release|iPhoneSimulator.Deploy.0 = Release|iPhoneSimulator
	EndGlobalSection
	GlobalSection(SolutionProperties) = preSolution
		HideSolutionNode = FALSE
	EndGlobalSection
	GlobalSection(ExtensibilityGlobals) = postSolution
		SolutionGuid = {7470D75F-288E-4741-BF40-1F28DDF30AEC}
	EndGlobalSection
EndGlobal
